
Microsoft Visual Studio Solution File, Format Version 12.00
# Visual Studio Version 17
VisualStudioVersion = 17.14.37027.9 d17.14
MinimumVisualStudioVersion = 10.0.40219.1
Project("{FAE04EC0-301F-11D3-BF4B-00C04F79EFBC}") = "Ejercicio_Carrera_Coche", "Ejercicio_Carrera_Coche.csproj", "{94FED9E4-07D7-4DCC-B884-5C627FB91DBA}"
EndProject
Project("{FAE04EC0-301F-11D3-BF4B-00C04F79EFBC}") = "DAL", "..\DAL\DAL.csproj", "{2682D125-F74F-4E89-8C86-9232338B9B82}"
EndProject
Project("{FAE04EC0-301F-11D3-BF4B-00C04F79EFBC}") = "BLL", "..\BLL\BLL.csproj", "{AC7FA300-0136-4A59-ABC3-8E3C8C3AE6F3}"
EndProject
Project("{FAE04EC0-301F-11D3-BF4B-00C04F79EFBC}") = "BE", "..\BE\BE.csproj", "{E1CD77C4-913A-4326-A9F2-5C70F1185CAB}"
EndProject
Global
	GlobalSection(SolutionConfigurationPlatforms) = preSolution
		Debug|Any CPU = Debug|Any CPU
		Release|Any CPU = Release|Any CPU
	EndGlobalSection
	GlobalSection(ProjectConfigurationPlatforms) = postSolution
		{94FED9E4-07D7-4DCC-B884-5C627FB91DBA}.Debug|Any CPU.ActiveCfg = Debug|Any CPU
		{94FED9E4-07D7-4DCC-B884-5C627FB91DBA}.Debug|Any CPU.Build.0 = Debug|Any CPU
		{94FED9E4-07D7-4DCC-B884-5C627FB91DBA}.Release|Any CPU.ActiveCfg = Release|Any CPU
		{94FED9E4-07D7-4DCC-B884-5C627FB91DBA}.Release|Any CPU.Build.0 = Release|Any CPU
		{2682D125-F74F-4E89-8C86-9232338B9B82}.Debug|Any CPU.ActiveCfg = Debug|Any CPU
		{2682D125-F74F-4E89-8C86-9232338B9B82}.Debug|Any CPU.Build.0 = Debug|Any CPU
		{2682D125-F74F-4E89-8C86-9232338B9B82}.Release|Any CPU.ActiveCfg = Release|Any CPU
		{2682D125-F74F-4E89-8C86-9232338B9B82}.Release|Any CPU.Build.0 = Release|Any CPU
		{AC7FA300-0136-4A59-ABC3-8E3C8C3AE6F3}.Debug|Any CPU.ActiveCfg = Debug|Any CPU
		{AC7FA300-0136-4A59-ABC3-8E3C8C3AE6F3}.Debug|Any CPU.Build.0 = Debug|Any CPU
		{AC7FA300-0136-4A59-ABC3-8E3C8C3AE6F3}.Release|Any CPU.ActiveCfg = Release|Any CPU
		{AC7FA300-0136-4A59-ABC3-8E3C8C3AE6F3}.Release|Any CPU.Build.0 = Release|Any CPU
		{E1CD77C4-913A-4326-A9F2-5C70F1185CAB}.Debug|Any CPU.ActiveCfg = Debug|Any CPU
		{E1CD77C4-913A-4326-A9F2-5C70F1185CAB}.Debug|Any CPU.Build.0 = Debug|Any CPU
		{E1CD77C4-913A-4326-A9F2-5C70F1185CAB}.Release|Any CPU.ActiveCfg = Release|Any CPU
		{E1CD77C4-913A-4326-A9F2-5C70F1185CAB}.Release|Any CPU.Build.0 = Release|Any CPU
	EndGlobalSection
	GlobalSection(SolutionProperties) = preSolution
		HideSolutionNode = FALSE
	EndGlobalSection
	GlobalSection(ExtensibilityGlobals) = postSolution
		SolutionGuid = {9EE87023-7D8A-4B2C-8C6D-1E77B757CB8E}
	EndGlobalSection
EndGlobal
